
Microsoft Visual Studio Solution File, Format Version 12.00
# Visual Studio 15
VisualStudioVersion = 15.0.28307.1000
MinimumVisualStudioVersion = 10.0.40219.1
Project("{8BC9CEB8-8B4A-11D0-8D11-00A0C91BC942}") = "PriorityQueue", "PriorityQueue\PriorityQueue.vcxproj", "{076D4B48-A191-4DEE-A520-89252EA3E3DF}"
EndProject
Global
	GlobalSection(SolutionConfigurationPlatforms) = preSolution
		Debug|x64 = Debug|x64
		Debug|x86 = Debug|x86
		Release|x64 = Release|x64
		Release|x86 = Release|x86
	EndGlobalSection
	GlobalSection(ProjectConfigurationPlatforms) = postSolution
		{076D4B48-A191-4DEE-A520-89252EA3E3DF}.Debug|x64.ActiveCfg = Debug|x64
		{076D4B48-A191-4DEE-A520-89252EA3E3DF}.Debug|x64.Build.0 = Debug|x64
		{076D4B48-A191-4DEE-A520-89252EA3E3DF}.Debug|x86.ActiveCfg = Debug|Win32
		{076D4B48-A191-4DEE-A520-89252EA3E3DF}.Debug|x86.Build.0 = Debug|Win32
		{076D4B48-A191-4DEE-A520-89252EA3E3DF}.Release|x64.ActiveCfg = Release|x64
		{076D4B48-A191-4DEE-A520-89252EA3E3DF}.Release|x64.Build.0 = Release|x64
		{076D4B48-A191-4DEE-A520-89252EA3E3DF}.Release|x86.ActiveCfg = Release|Win32
		{076D4B48-A191-4DEE-A520-89252EA3E3DF}.Release|x86.Build.0 = Release|Win32
	EndGlobalSection
	GlobalSection(SolutionProperties) = preSolution
		HideSolutionNode = FALSE
	EndGlobalSection
	GlobalSection(ExtensibilityGlobals) = postSolution
		SolutionGuid = {2EEB0C32-50B1-4BA5-AD8B-35D3C890389C}
	EndGlobalSection
EndGlobal
